Microsoft Visual Studio Solution File, Format Version 12.00
# Visual Studio Version 17
VisualStudioVersion = 17.5.2.0
MinimumVisualStudioVersion = 10.0.40219.1
Project("{FAE04EC0-301F-11D3-BF4B-00C04F79EFBC}") = "Finanzas", "Finanzas.csproj", "{B43D1151-940D-E015-7698-EF9C19242B06}"
EndProject
Global
	GlobalSection(SolutionConfigurationPlatforms) = preSolution
		Debug|Any CPU = Debug|Any CPU
		Release|Any CPU = Release|Any CPU
	EndGlobalSection
	GlobalSection(ProjectConfigurationPlatforms) = postSolution
		{B43D1151-940D-E015-7698-EF9C19242B06}.Debug|Any CPU.ActiveCfg = Debug|Any CPU
		{B43D1151-940D-E015-7698-EF9C19242B06}.Debug|Any CPU.Build.0 = Debug|Any CPU
		{B43D1151-940D-E015-7698-EF9C19242B06}.Release|Any CPU.ActiveCfg = Release|Any CPU
		{B43D1151-940D-E015-7698-EF9C19242B06}.Release|Any CPU.Build.0 = Release|Any CPU
	EndGlobalSection
	GlobalSection(SolutionProperties) = preSolution
		HideSolutionNode = FALSE
	EndGlobalSection
	GlobalSection(ExtensibilityGlobals) = postSolution
		SolutionGuid = {DA91C81B-9817-4504-8106-FE9A84873FF8}
	EndGlobalSection
EndGlobal
